
Microsoft Visual Studio Solution File, Format Version 12.00
# Visual Studio Version 17
VisualStudioVersion = 17.9.34728.123
MinimumVisualStudioVersion = 10.0.40219.1
Project("{FAE04EC0-301F-11D3-BF4B-00C04F79EFBC}") = "Questão 1", "Questão 1\Questão 1.csproj", "{BD0F0CF2-2DEF-4846-8D4C-5024DB2C108B}"
EndProject
Global
	GlobalSection(SolutionConfigurationPlatforms) = preSolution
		Debug|Any CPU = Debug|Any CPU
		Release|Any CPU = Release|Any CPU
	EndGlobalSection
	GlobalSection(ProjectConfigurationPlatforms) = postSolution
		{BD0F0CF2-2DEF-4846-8D4C-5024DB2C108B}.Debug|Any CPU.ActiveCfg = Debug|Any CPU
		{BD0F0CF2-2DEF-4846-8D4C-5024DB2C108B}.Debug|Any CPU.Build.0 = Debug|Any CPU
		{BD0F0CF2-2DEF-4846-8D4C-5024DB2C108B}.Release|Any CPU.ActiveCfg = Release|Any CPU
		{BD0F0CF2-2DEF-4846-8D4C-5024DB2C108B}.Release|Any CPU.Build.0 = Release|Any CPU
	EndGlobalSection
	GlobalSection(SolutionProperties) = preSolution
		HideSolutionNode = FALSE
	EndGlobalSection
	GlobalSection(ExtensibilityGlobals) = postSolution
		SolutionGuid = {0ADFEF74-D65D-4FC5-916E-2DCEFC2F71EF}
	EndGlobalSection
EndGlobal
