
Microsoft Visual Studio Solution File, Format Version 12.00
# Visual Studio Version 17
VisualStudioVersion = 17.9.34728.123
MinimumVisualStudioVersion = 10.0.40219.1
Project("{FAE04EC0-301F-11D3-BF4B-00C04F79EFBC}") = "Questão 2", "Questão 2\Questão 2.csproj", "{48AA929D-3628-4598-A31A-4678F84CB521}"
EndProject
Global
	GlobalSection(SolutionConfigurationPlatforms) = preSolution
		Debug|Any CPU = Debug|Any CPU
		Release|Any CPU = Release|Any CPU
	EndGlobalSection
	GlobalSection(ProjectConfigurationPlatforms) = postSolution
		{48AA929D-3628-4598-A31A-4678F84CB521}.Debug|Any CPU.ActiveCfg = Debug|Any CPU
		{48AA929D-3628-4598-A31A-4678F84CB521}.Debug|Any CPU.Build.0 = Debug|Any CPU
		{48AA929D-3628-4598-A31A-4678F84CB521}.Release|Any CPU.ActiveCfg = Release|Any CPU
		{48AA929D-3628-4598-A31A-4678F84CB521}.Release|Any CPU.Build.0 = Release|Any CPU
	EndGlobalSection
	GlobalSection(SolutionProperties) = preSolution
		HideSolutionNode = FALSE
	EndGlobalSection
	GlobalSection(ExtensibilityGlobals) = postSolution
		SolutionGuid = {651B2ECE-96B6-4819-B102-85829086C161}
	EndGlobalSection
EndGlobal
